// !$*UTF8*$!
{
	archiveVersion = 1;
	classes = {
	};
	objectVersion = 50;
	objects = {

/* Begin PBXBuildFile section */
		2BDD3C4521627A59009C7F84 /* AppDelegate.swift in Sources */ = {isa = PBXBuildFile; fileRef = 2BDD3C4421627A59009C7F84 /* AppDelegate.swift */; };
		2BDD3C4721627A59009C7F84 /* ViewController.swift in Sources */ = {isa = PBXBuildFile; fileRef = 2BDD3C4621627A59009C7F84 /* ViewController.swift */; };
		2BDD3C4A21627A59009C7F84 /* Main.storyboard in Resources */ = {isa = PBXBuildFile; fileRef = 2BDD3C4821627A59009C7F84 /* Main.storyboard */; };
		2BDD3C4C21627A5B009C7F84 /* Assets.xcassets in Resources */ = {isa = PBXBuildFile; fileRef = 2BDD3C4B21627A5B009C7F84 /* Assets.xcassets */; };
		2BDD3C4F21627A5B009C7F84 /* LaunchScreen.storyboard in Resources */ = {isa = PBXBuildFile; fileRef = 2BDD3C4D21627A5B009C7F84 /* LaunchScreen.storyboard */; };
		2BDD3C5A21627A5B009C7F84 /* TicTacToeTests.swift in Sources */ = {isa = PBXBuildFile; fileRef = 2BDD3C5921627A5B009C7F84 /* TicTacToeTests.swift */; };
		2BDD3C6521627A5B009C7F84 /* TicTacToeUITests.swift in Sources */ = {isa = PBXBuildFile; fileRef = 2BDD3C6421627A5B009C7F84 /* TicTacToeUITests.swift */; };
		2BDD3C7521627AD2009C7F84 /* board.png in Resources */ = {isa = PBXBuildFile; fileRef = 2BDD3C7221627AD2009C7F84 /* board.png */; };
		2BDD3C7621627AD2009C7F84 /* cross.png in Resources */ = {isa = PBXBuildFile; fileRef = 2BDD3C7321627AD2009C7F84 /* cross.png */; };
		2BDD3C7721627AD2009C7F84 /* nought.png in Resources */ = {isa = PBXBuildFile; fileRef = 2BDD3C7421627AD2009C7F84 /* nought.png */; };
/* End PBXBuildFile section */

/* Begin PBXContainerItemProxy section */
		2BDD3C5621627A5B009C7F84 /* PBXContainerItemProxy */ = {
			isa = PBXContainerItemProxy;
			containerPortal = 2BDD3C3921627A59009C7F84 /* Project object */;
			proxyType = 1;
			remoteGlobalIDString = 2BDD3C4021627A59009C7F84;
			remoteInfo = TicTacToe;
		};
		2BDD3C6121627A5B009C7F84 /* PBXContainerItemProxy */ = {
			isa = PBXContainerItemProxy;
			containerPortal = 2BDD3C3921627A59009C7F84 /* Project object */;
			proxyType = 1;
			remoteGlobalIDString = 2BDD3C4021627A59009C7F84;
			remoteInfo = TicTacToe;
		};
/* End PBXContainerItemProxy section */

/* Begin PBXFileReference section */
		2BDD3C4121627A59009C7F84 /* TicTacToe.app */ = {isa = PBXFileReference; explicitFileType = wrapper.application; includeInIndex = 0; path = TicTacToe.app; sourceTree = BUILT_PRODUCTS_DIR; };
		2BDD3C4421627A59009C7F84 /* AppDelegate.swift */ = {isa = PBXFileReference; lastKnownFileType = sourcecode.swift; path = AppDelegate.swift; sourceTree = "<group>"; };
		2BDD3C4621627A59009C7F84 /* ViewController.swift */ = {isa = PBXFileReference; lastKnownFileType = sourcecode.swift; path = ViewController.swift; sourceTree = "<group>"; };
		2BDD3C4921627A59009C7F84 /* Base */ = {isa = PBXFileReference; lastKnownFileType = file.storyboard; name = Base; path = Base.lproj/Main.storyboard; sourceTree = "<group>"; };
		2BDD3C4B21627A5B009C7F84 /* Assets.xcassets */ = {isa = PBXFileReference; lastKnownFileType = folder.assetcatalog; path = Assets.xcassets; sourceTree = "<group>"; };
		2BDD3C4E21627A5B009C7F84 /* Base */ = {isa = PBXFileReference; lastKnownFileType = file.storyboard; name = Base; path = Base.lproj/LaunchScreen.storyboard; sourceTree = "<group>"; };
		2BDD3C5021627A5B009C7F84 /* Info.plist */ = {isa = PBXFileReference; lastKnownFileType = text.plist.xml; path = Info.plist; sourceTree = "<group>"; };
		2BDD3C5521627A5B009C7F84 /* TicTacToeTests.xctest */ = {isa = PBXFileReference; explicitFileType = wrapper.cfbundle; includeInIndex = 0; path = TicTacToeTests.xctest; sourceTree = BUILT_PRODUCTS_DIR; };
		2BDD3C5921627A5B009C7F84 /* TicTacToeTests.swift */ = {isa = PBXFileReference; lastKnownFileType = sourcecode.swift; path = TicTacToeTests.swift; sourceTree = "<group>"; };
		2BDD3C5B21627A5B009C7F84 /* Info.plist */ = {isa = PBXFileReference; lastKnownFileType = text.plist.xml; path = Info.plist; sourceTree = "<group>"; };
		2BDD3C6021627A5B009C7F84 /* TicTacToeUITests.xctest */ = {isa = PBXFileReference; explicitFileType = wrapper.cfbundle; includeInIndex = 0; path = TicTacToeUITests.xctest; sourceTree = BUILT_PRODUCTS_DIR; };
		2BDD3C6421627A5B009C7F84 /* TicTacToeUITests.swift */ = {isa = PBXFileReference; lastKnownFileType = sourcecode.swift; path = TicTacToeUITests.swift; sourceTree = "<group>"; };
		2BDD3C6621627A5B009C7F84 /* Info.plist */ = {isa = PBXFileReference; lastKnownFileType = text.plist.xml; path = Info.plist; sourceTree = "<group>"; };
		2BDD3C7221627AD2009C7F84 /* board.png */ = {isa = PBXFileReference; lastKnownFileType = image.png; path = board.png; sourceTree = "<group>"; };
		2BDD3C7321627AD2009C7F84 /* cross.png */ = {isa = PBXFileReference; lastKnownFileType = image.png; path = cross.png; sourceTree = "<group>"; };
		2BDD3C7421627AD2009C7F84 /* nought.png */ = {isa = PBXFileReference; lastKnownFileType = image.png; path = nought.png; sourceTree = "<group>"; };
/* End PBXFileReference section */

/* Begin PBXFrameworksBuildPhase section */
		2BDD3C3E21627A59009C7F84 /* Frameworks */ = {
			isa = PBXFrameworksBuildPhase;
			buildActionMask = 2147483647;
			files = (
			);
			runOnlyForDeploymentPostprocessing = 0;
		};
		2BDD3C5221627A5B009C7F84 /* Frameworks */ = {
			isa = PBXFrameworksBuildPhase;
			buildActionMask = 2147483647;
			files = (
			);
			runOnlyForDeploymentPostprocessing = 0;
		};
		2BDD3C5D21627A5B009C7F84 /* Frameworks */ = {
			isa = PBXFrameworksBuildPhase;
			buildActionMask = 2147483647;
			files = (
			);
			runOnlyForDeploymentPostprocessing = 0;
		};
/* End PBXFrameworksBuildPhase section */

/* Begin PBXGroup section */
		2BDD3C3821627A59009C7F84 = {
			isa = PBXGroup;
			children = (
				2BDD3C4321627A59009C7F84 /* TicTacToe */,
				2BDD3C5821627A5B009C7F84 /* TicTacToeTests */,
				2BDD3C6321627A5B009C7F84 /* TicTacToeUITests */,
				2BDD3C4221627A59009C7F84 /* Products */,
			);
			sourceTree = "<group>";
		};
		2BDD3C4221627A59009C7F84 /* Products */ = {
			isa = PBXGroup;
			children = (
				2BDD3C4121627A59009C7F84 /* TicTacToe.app */,
				2BDD3C5521627A5B009C7F84 /* TicTacToeTests.xctest */,
				2BDD3C6021627A5B009C7F84 /* TicTacToeUITests.xctest */,
			);
			name = Products;
			sourceTree = "<group>";
		};
		2BDD3C4321627A59009C7F84 /* TicTacToe */ = {
			isa = PBXGroup;
			children = (
				2BDD3C4421627A59009C7F84 /* AppDelegate.swift */,
				2BDD3C4621627A59009C7F84 /* ViewController.swift */,
				2BDD3C4821627A59009C7F84 /* Main.storyboard */,
				2BDD3C4B21627A5B009C7F84 /* Assets.xcassets */,
				2BDD3C7221627AD2009C7F84 /* board.png */,
				2BDD3C7321627AD2009C7F84 /* cross.png */,
				2BDD3C7421627AD2009C7F84 /* nought.png */,
				2BDD3C4D21627A5B009C7F84 /* LaunchScreen.storyboard */,
				2BDD3C5021627A5B009C7F84 /* Info.plist */,
			);
			path = TicTacToe;
			sourceTree = "<group>";
		};
		2BDD3C5821627A5B009C7F84 /* TicTacToeTests */ = {
			isa = PBXGroup;
			children = (
				2BDD3C5921627A5B009C7F84 /* TicTacToeTests.swift */,
				2BDD3C5B21627A5B009C7F84 /* Info.plist */,
			);
			path = TicTacToeTests;
			sourceTree = "<group>";
		};
		2BDD3C6321627A5B009C7F84 /* TicTacToeUITests */ = {
			isa = PBXGroup;
			children = (
				2BDD3C6421627A5B009C7F84 /* TicTacToeUITests.swift */,
				2BDD3C6621627A5B009C7F84 /* Info.plist */,
			);
			path = TicTacToeUITests;
			sourceTree = "<group>";
		};
/* End PBXGroup section */

/* Begin PBXNativeTarget section */
		2BDD3C4021627A59009C7F84 /* TicTacToe */ = {
			isa = PBXNativeTarget;
			buildConfigurationList = 2BDD3C6921627A5B009C7F84 /* Build configuration list for PBXNativeTarget "TicTacToe" */;
			buildPhases = (
				2BDD3C3D21627A59009C7F84 /* Sources */,
				2BDD3C3E21627A59009C7F84 /* Frameworks */,
				2BDD3C3F21627A59009C7F84 /* Resources */,
			);
			buildRules = (
			);
			dependencies = (
			);
			name = TicTacToe;
			productName = TicTacToe;
			productReference = 2BDD3C4121627A59009C7F84 /* TicTacToe.app */;
			productType = "com.apple.product-type.application";
		};
		2BDD3C5421627A5B009C7F84 /* TicTacToeTests */ = {
			isa = PBXNativeTarget;
			buildConfigurationList = 2BDD3C6C21627A5B009C7F84 /* Build configuration list for PBXNativeTarget "TicTacToeTests" */;
			buildPhases = (
				2BDD3C5121627A5B009C7F84 /* Sources */,
				2BDD3C5221627A5B009C7F84 /* Frameworks */,
				2BDD3C5321627A5B009C7F84 /* Resources */,
			);
			buildRules = (
			);
			dependencies = (
				2BDD3C5721627A5B009C7F84 /* PBXTargetDependency */,
			);
			name = TicTacToeTests;
			productName = TicTacToeTests;
			productReference = 2BDD3C5521627A5B009C7F84 /* TicTacToeTests.xctest */;
			productType = "com.apple.product-type.bundle.unit-test";
		};
		2BDD3C5F21627A5B009C7F84 /* TicTacToeUITests */ = {
			isa = PBXNativeTarget;
			buildConfigurationList = 2BDD3C6F21627A5B009C7F84 /* Build configuration list for PBXNativeTarget "TicTacToeUITests" */;
			buildPhases = (
				2BDD3C5C21627A5B009C7F84 /* Sources */,
				2BDD3C5D21627A5B009C7F84 /* Frameworks */,
				2BDD3C5E21627A5B009C7F84 /* Resources */,
			);
			buildRules = (
			);
			dependencies = (
				2BDD3C6221627A5B009C7F84 /* PBXTargetDependency */,
			);
			name = TicTacToeUITests;
			productName = TicTacToeUITests;
			productReference = 2BDD3C6021627A5B009C7F84 /* TicTacToeUITests.xctest */;
			productType = "com.apple.product-type.bundle.ui-testing";
		};
/* End PBXNativeTarget section */

/* Begin PBXProject section */
		2BDD3C3921627A59009C7F84 /* Project object */ = {
			isa = PBXProject;
			attributes = {
				LastSwiftUpdateCheck = 1000;
				LastUpgradeCheck = 1000;
				ORGANIZATIONNAME = "Tarek Moubarak";
				TargetAttributes = {
					2BDD3C4021627A59009C7F84 = {
						CreatedOnToolsVersion = 10.0;
					};
					2BDD3C5421627A5B009C7F84 = {
						CreatedOnToolsVersion = 10.0;
						TestTargetID = 2BDD3C4021627A59009C7F84;
					};
					2BDD3C5F21627A5B009C7F84 = {
						CreatedOnToolsVersion = 10.0;
						TestTargetID = 2BDD3C4021627A59009C7F84;
					};
				};
			};
			buildConfigurationList = 2BDD3C3C21627A59009C7F84 /* Build configuration list for PBXProject "TicTacToe" */;
			compatibilityVersion = "Xcode 9.3";
			developmentRegion = en;
			hasScannedForEncodings = 0;
			knownRegions = (
				en,
				Base,
			);
			mainGroup = 2BDD3C3821627A59009C7F84;
			productRefGroup = 2BDD3C4221627A59009C7F84 /* Products */;
			projectDirPath = "";
			projectRoot = "";
			targets = (
				2BDD3C4021627A59009C7F84 /* TicTacToe */,
				2BDD3C5421627A5B009C7F84 /* TicTacToeTests */,
				2BDD3C5F21627A5B009C7F84 /* TicTacToeUITests */,
			);
		};
/* End PBXProject section */

/* Begin PBXResourcesBuildPhase section */
		2BDD3C3F21627A59009C7F84 /* Resources */ = {
			isa = PBXResourcesBuildPhase;
			buildActionMask = 2147483647;
			files = (
				2BDD3C7621627AD2009C7F84 /* cross.png in Resources */,
				2BDD3C7521627AD2009C7F84 /* board.png in Resources */,
				2BDD3C7721627AD2009C7F84 /* nought.png in Resources */,
				2BDD3C4F21627A5B009C7F84 /* LaunchScreen.storyboard in Resources */,
				2BDD3C4C21627A5B009C7F84 /* Assets.xcassets in Resources */,
				2BDD3C4A21627A59009C7F84 /* Main.storyboard in Resources */,
			);
			runOnlyForDeploymentPostprocessing = 0;
		};
		2BDD3C5321627A5B009C7F84 /* Resources */ = {
			isa = PBXResourcesBuildPhase;
			buildActionMask = 2147483647;
			files = (
			);
			runOnlyForDeploymentPostprocessing = 0;
		};
		2BDD3C5E21627A5B009C7F84 /* Resources */ = {
			isa = PBXResourcesBuildPhase;
			buildActionMask = 2147483647;
			files = (
			);
			runOnlyForDeploymentPostprocessing = 0;
		};
/* End PBXResourcesBuildPhase section */

/* Begin PBXSourcesBuildPhase section */
		2BDD3C3D21627A59009C7F84 /* Sources */ = {
			isa = PBXSourcesBuildPhase;
			buildActionMask = 2147483647;
			files = (
				2BDD3C4721627A59009C7F84 /* ViewController.swift in Sources */,
				2BDD3C4521627A59009C7F84 /* AppDelegate.swift in Sources */,
			);
			runOnlyForDeploymentPostprocessing = 0;
		};
		2BDD3C5121627A5B009C7F84 /* Sources */ = {
			isa = PBXSourcesBuildPhase;
			buildActionMask = 2147483647;
			files = (
				2BDD3C5A21627A5B009C7F84 /* TicTacToeTests.swift in Sources */,
			);
			runOnlyForDeploymentPostprocessing = 0;
		};
		2BDD3C5C21627A5B009C7F84 /* Sources */ = {
			isa = PBXSourcesBuildPhase;
			buildActionMask = 2147483647;
			files = (
				2BDD3C6521627A5B009C7F84 /* TicTacToeUITests.swift in Sources */,
			);
			runOnlyForDeploymentPostprocessing = 0;
		};
/* End PBXSourcesBuildPhase section */

/* Begin PBXTargetDependency section */
		2BDD3C5721627A5B009C7F84 /* PBXTargetDependency */ = {
			isa = PBXTargetDependency;
			target = 2BDD3C4021627A59009C7F84 /* TicTacToe */;
			targetProxy = 2BDD3C5621627A5B009C7F84 /* PBXContainerItemProxy */;
		};
		2BDD3C6221627A5B009C7F84 /* PBXTargetDependency */ = {
			isa = PBXTargetDependency;
			target = 2BDD3C4021627A59009C7F84 /* TicTacToe */;
			targetProxy = 2BDD3C6121627A5B009C7F84 /* PBXContainerItemProxy */;
		};
/* End PBXTargetDependency section */

/* Begin PBXVariantGroup section */
		2BDD3C4821627A59009C7F84 /* Main.storyboard */ = {
			isa = PBXVariantGroup;
			children = (
				2BDD3C4921627A59009C7F84 /* Base */,
			);
			name = Main.storyboard;
			sourceTree = "<group>";
		};
		2BDD3C4D21627A5B009C7F84 /* LaunchScreen.storyboard */ = {
			isa = PBXVariantGroup;
			children = (
				2BDD3C4E21627A5B009C7F84 /* Base */,
			);
			name = LaunchScreen.storyboard;
			sourceTree = "<group>";
		};
/* End PBXVariantGroup section */

/* Begin XCBuildConfiguration section */
		2BDD3C6721627A5B009C7F84 /* Debug */ = {
			isa = XCBuildConfiguration;
			buildSettings = {
				ALWAYS_SEARCH_USER_PATHS = NO;
				CLANG_ANALYZER_NONNULL = YES;
				CLANG_ANALYZER_NUMBER_OBJECT_CONVERSION = YES_AGGRESSIVE;
				CLANG_CXX_LANGUAGE_STANDARD = "gnu++14";
				CLANG_CXX_LIBRARY = "libc++";
				CLANG_ENABLE_MODULES = YES;
				CLANG_ENABLE_OBJC_ARC = YES;
				CLANG_ENABLE_OBJC_WEAK = YES;
				CLANG_WARN_BLOCK_CAPTURE_AUTORELEASING = YES;
				CLANG_WARN_BOOL_CONVERSION = YES;
				CLANG_WARN_COMMA = YES;
				CLANG_WARN_CONSTANT_CONVERSION = YES;
				CLANG_WARN_DEPRECATED_OBJC_IMPLEMENTATIONS = YES;
				CLANG_WARN_DIRECT_OBJC_ISA_USAGE = YES_ERROR;
				CLANG_WARN_DOCUMENTATION_COMMENTS = YES;
				CLANG_WARN_EMPTY_BODY = YES;
				CLANG_WARN_ENUM_CONVERSION = YES;
				CLANG_WARN_INFINITE_RECURSION = YES;
				CLANG_WARN_INT_CONVERSION = YES;
				CLANG_WARN_NON_LITERAL_NULL_CONVERSION = YES;
				CLANG_WARN_OBJC_IMPLICIT_RETAIN_SELF = YES;
				CLANG_WARN_OBJC_LITERAL_CONVERSION = YES;
				CLANG_WARN_OBJC_ROOT_CLASS = YES_ERROR;
				CLANG_WARN_RANGE_LOOP_ANALYSIS = YES;
				CLANG_WARN_STRICT_PROTOTYPES = YES;
				CLANG_WARN_SUSPICIOUS_MOVE = YES;
				CLANG_WARN_UNGUARDED_AVAILABILITY = YES_AGGRESSIVE;
				CLANG_WARN_UNREACHABLE_CODE = YES;
				CLANG_WARN__DUPLICATE_METHOD_MATCH = YES;
				CODE_SIGN_IDENTITY = "iPhone Developer";
				COPY_PHASE_STRIP = NO;
				DEBUG_INFORMATION_FORMAT = dwarf;
				ENABLE_STRICT_OBJC_MSGSEND = YES;
				ENABLE_TESTABILITY = YES;
				GCC_C_LANGUAGE_STANDARD = gnu11;
				GCC_DYNAMIC_NO_PIC = NO;
				GCC_NO_COMMON_BLOCKS = YES;
				GCC_OPTIMIZATION_LEVEL = 0;
				GCC_PREPROCESSOR_DEFINITIONS = (
					"DEBUG=1",
					"$(inherited)",
				);
				GCC_WARN_64_TO_32_BIT_CONVERSION = YES;
				GCC_WARN_ABOUT_RETURN_TYPE = YES_ERROR;
				GCC_WARN_UNDECLARED_SELECTOR = YES;
				GCC_WARN_UNINITIALIZED_AUTOS = YES_AGGRESSIVE;
				GCC_WARN_UNUSED_FUNCTION = YES;
				GCC_WARN_UNUSED_VARIABLE = YES;
				IPHONEOS_DEPLOYMENT_TARGET = 12.0;
				MTL_ENABLE_DEBUG_INFO = INCLUDE_SOURCE;
				MTL_FAST_MATH = YES;
				ONLY_ACTIVE_ARCH = YES;
				SDKROOT = iphoneos;
				SWIFT_ACTIVE_COMPILATION_CONDITIONS = DEBUG;
				SWIFT_OPTIMIZATION_LEVEL = "-Onone";
			};
			name = Debug;
		};
		2BDD3C6821627A5B009C7F84 /* Release */ = {
			isa = XCBuildConfiguration;
			buildSettings = {
				ALWAYS_SEARCH_USER_PATHS = NO;
				CLANG_ANALYZER_NONNULL = YES;
				CLANG_ANALYZER_NUMBER_OBJECT_CONVERSION = YES_AGGRESSIVE;
				CLANG_CXX_LANGUAGE_STANDARD = "gnu++14";
				CLANG_CXX_LIBRARY = "libc++";
				CLANG_ENABLE_MODULES = YES;
				CLANG_ENABLE_OBJC_ARC = YES;
				CLANG_ENABLE_OBJC_WEAK = YES;
				CLANG_WARN_BLOCK_CAPTURE_AUTORELEASING = YES;
				CLANG_WARN_BOOL_CONVERSION = YES;
				CLANG_WARN_COMMA = YES;
				CLANG_WARN_CONSTANT_CONVERSION = YES;
				CLANG_WARN_DEPRECATED_OBJC_IMPLEMENTATIONS = YES;
				CLANG_WARN_DIRECT_OBJC_ISA_USAGE = YES_ERROR;
				CLANG_WARN_DOCUMENTATION_COMMENTS = YES;
				CLANG_WARN_EMPTY_BODY = YES;
				CLANG_WARN_ENUM_CONVERSION = YES;
				CLANG_WARN_INFINITE_RECURSION = YES;
				CLANG_WARN_INT_CONVERSION = YES;
				CLANG_WARN_NON_LITERAL_NULL_CONVERSION = YES;
				CLANG_WARN_OBJC_IMPLICIT_RETAIN_SELF = YES;
				CLANG_WARN_OBJC_LITERAL_CONVERSION = YES;
				CLANG_WARN_OBJC_ROOT_CLASS = YES_ERROR;
				CLANG_WARN_RANGE_LOOP_ANALYSIS = YES;
				CLANG_WARN_STRICT_PROTOTYPES = YES;
				CLANG_WARN_SUSPICIOUS_MOVE = YES;
				CLANG_WARN_UNGUARDED_AVAILABILITY = YES_AGGRESSIVE;
				CLANG_WARN_UNREACHABLE_CODE = YES;
				CLANG_WARN__DUPLICATE_METHOD_MATCH = YES;
				CODE_SIGN_IDENTITY = "iPhone Developer";
				COPY_PHASE_STRIP = NO;
				DEBUG_INFORMATION_FORMAT = "dwarf-with-dsym";
				ENABLE_NS_ASSERTIONS = NO;
				ENABLE_STRICT_OBJC_MSGSEND = YES;
				GCC_C_LANGUAGE_STANDARD = gnu11;
				GCC_NO_COMMON_BLOCKS = YES;
				GCC_WARN_64_TO_32_BIT_CONVERSION = YES;
				GCC_WARN_ABOUT_RETURN_TYPE = YES_ERROR;
				GCC_WARN_UNDECLARED_SELECTOR = YES;
				GCC_WARN_UNINITIALIZED_AUTOS = YES_AGGRESSIVE;
				GCC_WARN_UNUSED_FUNCTION = YES;
				GCC_WARN_UNUSED_VARIABLE = YES;
				IPHONEOS_DEPLOYMENT_TARGET = 12.0;
				MTL_ENABLE_DEBUG_INFO = NO;
				MTL_FAST_MATH = YES;
				SDKROOT = iphoneos;
				SWIFT_COMPILATION_MODE = wholemodule;
				SWIFT_OPTIMIZATION_LEVEL = "-O";
				VALIDATE_PRODUCT = YES;
			};
			name = Release;
		};
		2BDD3C6A21627A5B009C7F84 /* Debug */ = {
			isa = XCBuildConfiguration;
			buildSettings = {
				ASSETCATALOG_COMPILER_APPICON_NAME = AppIcon;
				CODE_SIGN_STYLE = Automatic;
				DEVELOPMENT_TEAM = TFVPAWAQ8A;
				INFOPLIST_FILE = TicTacToe/Info.plist;
				LD_RUNPATH_SEARCH_PATHS = (
					"$(inherited)",
					"@executable_path/Frameworks",
				);
				PRODUCT_BUNDLE_IDENTIFIER = com.tarekmoubarak.TicTacToe;
				PRODUCT_NAME = "$(TARGET_NAME)";
				SWIFT_VERSION = 4.2;
				TARGETED_DEVICE_FAMILY = "1,2";
			};
			name = Debug;
		};
		2BDD3C6B21627A5B009C7F84 /* Release */ = {
			isa = XCBuildConfiguration;
			buildSettings = {
				ASSETCATALOG_COMPILER_APPICON_NAME = AppIcon;
				CODE_SIGN_STYLE = Automatic;
				DEVELOPMENT_TEAM = TFVPAWAQ8A;
				INFOPLIST_FILE = TicTacToe/Info.plist;
				LD_RUNPATH_SEARCH_PATHS = (
					"$(inherited)",
					"@executable_path/Frameworks",
				);
				PRODUCT_BUNDLE_IDENTIFIER = com.tarekmoubarak.TicTacToe;
				PRODUCT_NAME = "$(TARGET_NAME)";
				SWIFT_VERSION = 4.2;
				TARGETED_DEVICE_FAMILY = "1,2";
			};
			name = Release;
		};
		2BDD3C6D21627A5B009C7F84 /* Debug */ = {
			isa = XCBuildConfiguration;
			buildSettings = {
				ALWAYS_EMBED_SWIFT_STANDARD_LIBRARIES = YES;
				BUNDLE_LOADER = "$(TEST_HOST)";
				CODE_SIGN_STYLE = Automatic;
				DEVELOPMENT_TEAM = TFVPAWAQ8A;
				INFOPLIST_FILE = TicTacToeTests/Info.plist;
				LD_RUNPATH_SEARCH_PATHS = (
					"$(inherited)",
					"@executable_path/Frameworks",
					"@loader_path/Frameworks",
				);
				PRODUCT_BUNDLE_IDENTIFIER = com.tarekmoubarak.TicTacToeTests;
				PRODUCT_NAME = "$(TARGET_NAME)";
				SWIFT_VERSION = 4.2;
				TARGETED_DEVICE_FAMILY = "1,2";
				TEST_HOST = "$(BUILT_PRODUCTS_DIR)/TicTacToe.app/TicTacToe";
			};
			name = Debug;
		};
		2BDD3C6E21627A5B009C7F84 /* Release */ = {
			isa = XCBuildConfiguration;
			buildSettings = {
				ALWAYS_EMBED_SWIFT_STANDARD_LIBRARIES = YES;
				BUNDLE_LOADER = "$(TEST_HOST)";
				CODE_SIGN_STYLE = Automatic;
				DEVELOPMENT_TEAM = TFVPAWAQ8A;
				INFOPLIST_FILE = TicTacToeTests/Info.plist;
				LD_RUNPATH_SEARCH_PATHS = (
					"$(inherited)",
					"@executable_path/Frameworks",
					"@loader_path/Frameworks",
				);
				PRODUCT_BUNDLE_IDENTIFIER = com.tarekmoubarak.TicTacToeTests;
				PRODUCT_NAME = "$(TARGET_NAME)";
				SWIFT_VERSION = 4.2;
				TARGETED_DEVICE_FAMILY = "1,2";
				TEST_HOST = "$(BUILT_PRODUCTS_DIR)/TicTacToe.app/TicTacToe";
			};
			name = Release;
		};
		2BDD3C7021627A5B009C7F84 /* Debug */ = {
			isa = XCBuildConfiguration;
			buildSettings = {
				ALWAYS_EMBED_SWIFT_STANDARD_LIBRARIES = YES;
				CODE_SIGN_STYLE = Automatic;
				DEVELOPMENT_TEAM = TFVPAWAQ8A;
				INFOPLIST_FILE = TicTacToeUITests/Info.plist;
				LD_RUNPATH_SEARCH_PATHS = (
					"$(inherited)",
					"@executable_path/Frameworks",
					"@loader_path/Frameworks",
				);
				PRODUCT_BUNDLE_IDENTIFIER = com.tarekmoubarak.TicTacToeUITests;
				PRODUCT_NAME = "$(TARGET_NAME)";
				SWIFT_VERSION = 4.2;
				TARGETED_DEVICE_FAMILY = "1,2";
				TEST_TARGET_NAME = TicTacToe;
			};
			name = Debug;
		};
		2BDD3C7121627A5B009C7F84 /* Release */ = {
			isa = XCBuildConfiguration;
			buildSettings = {
				ALWAYS_EMBED_SWIFT_STANDARD_LIBRARIES = YES;
				CODE_SIGN_STYLE = Automatic;
				DEVELOPMENT_TEAM = TFVPAWAQ8A;
				INFOPLIST_FILE = TicTacToeUITests/Info.plist;
				LD_RUNPATH_SEARCH_PATHS = (
					"$(inherited)",
					"@executable_path/Frameworks",
					"@loader_path/Frameworks",
				);
				PRODUCT_BUNDLE_IDENTIFIER = com.tarekmoubarak.TicTacToeUITests;
				PRODUCT_NAME = "$(TARGET_NAME)";
				SWIFT_VERSION = 4.2;
				TARGETED_DEVICE_FAMILY = "1,2";
				TEST_TARGET_NAME = TicTacToe;
			};
			name = Release;
		};
/* End XCBuildConfiguration section */

/* Begin XCConfigurationList section */
		2BDD3C3C21627A59009C7F84 /* Build configuration list for PBXProject "TicTacToe" */ = {
			isa = XCConfigurationList;
			buildConfigurations = (
				2BDD3C6721627A5B009C7F84 /* Debug */,
				2BDD3C6821627A5B009C7F84 /* Release */,
			);
			defaultConfigurationIsVisible = 0;
			defaultConfigurationName = Release;
		};
		2BDD3C6921627A5B009C7F84 /* Build configuration list for PBXNativeTarget "TicTacToe" */ = {
			isa = XCConfigurationList;
			buildConfigurations = (
				2BDD3C6A21627A5B009C7F84 /* Debug */,
				2BDD3C6B21627A5B009C7F84 /* Release */,
			);
			defaultConfigurationIsVisible = 0;
			defaultConfigurationName = Release;
		};
		2BDD3C6C21627A5B009C7F84 /* Build configuration list for PBXNativeTarget "TicTacToeTests" */ = {
			isa = XCConfigurationList;
			buildConfigurations = (
				2BDD3C6D21627A5B009C7F84 /* Debug */,
				2BDD3C6E21627A5B009C7F84 /* Release */,
			);
			defaultConfigurationIsVisible = 0;
			defaultConfigurationName = Release;
		};
		2BDD3C6F21627A5B009C7F84 /* Build configuration list for PBXNativeTarget "TicTacToeUITests" */ = {
			isa = XCConfigurationList;
			buildConfigurations = (
				2BDD3C7021627A5B009C7F84 /* Debug */,
				2BDD3C7121627A5B009C7F84 /* Release */,
			);
			defaultConfigurationIsVisible = 0;
			defaultConfigurationName = Release;
		};
/* End XCConfigurationList section */
	};
	rootObject = 2BDD3C3921627A59009C7F84 /* Project object */;
}
